{
  "nodes": {
    "nixpkgs": {
      "locked": {
        "lastModified": 1689230645,
        "narHash": "sha256-5PKMCkMQIhdW6DFpNVm4DOQ81PoSPsYcTL3fqlBUWpA=",
        "owner": "nixos",
        "repo": "nixpkgs",
        "rev": "686945e0c07d68a6ca624438f1623fd3284ec15d",
        "type": "github"
      },
      "original": {
        "owner": "nixos",
        "ref": "nixpkgs-unstable",
        "repo": "nixpkgs",
        "type": "github"
      }
    },
    "root": {
      "inputs": {
        "nixpkgs": "nixpkgs"
      }
    }
  },
  "root": "root",
  "version": 7
}
